{
  "lockfileVersion": 1,
  "workspaces": {
    "": {
      "name": "astro-streaming",
      "dependencies": {
        "@types/bun": "^1.2.12",
        "@webgpu/types": "^0.1.60",
        "planck": "^1.3.0",
        "wgpu-matrix": "^3.4.0",
      },
      "devDependencies": {
        "typescript": "^5.5.3",
      },
    },
  },
  "packages": {
    "@types/bun": ["@types/bun@1.2.14", "", { "dependencies": { "bun-types": "1.2.14" } }, "sha512-VsFZKs8oKHzI7zwvECiAJ5oSorWndIWEVhfbYqZd4HI/45kzW7PN2Rr5biAzvGvRuNmYLSANY+H59ubHq8xw7Q=="],

    "@types/node": ["@types/node@22.15.21", "", { "dependencies": { "undici-types": "~6.21.0" } }, "sha512-EV/37Td6c+MgKAbkcLG6vqZ2zEYHD7bvSrzqqs2RIhbA6w3x+Dqz8MZM3sP6kGTeLrdoOgKZe+Xja7tUB2DNkQ=="],

    "@webgpu/types": ["@webgpu/types@0.1.60", "", {}, "sha512-8B/tdfRFKdrnejqmvq95ogp8tf52oZ51p3f4QD5m5Paey/qlX4Rhhy5Y8tgFMi7Ms70HzcMMw3EQjH/jdhTwlA=="],

    "bun-types": ["bun-types@1.2.14", "", { "dependencies": { "@types/node": "*" } }, "sha512-Kuh4Ub28ucMRWeiUUWMHsT9Wcbr4H3kLIO72RZZElSDxSu7vpetRvxIUDUaW6QtaIeixIpm7OXtNnZPf82EzwA=="],

    "planck": ["planck@1.3.0", "", { "peerDependencies": { "stage-js": "^1.0.0-alpha.12" } }, "sha512-zsKIYYCt/0LS/+uclz7DIOgCWk8nozJRwLe9hN985HivLYfmJkTQsVRCTEWRB9GkjTcLR5P5UgDX2Cl0pVZgvA=="],

    "stage-js": ["stage-js@1.0.0-alpha.17", "", {}, "sha512-AzlMO+t51v6cFvKZ+Oe9DJnL1OXEH5s9bEy6di5aOrUpcP7PCzI/wIeXF0u3zg0L89gwnceoKxrLId0ZpYnNXw=="],

    "typescript": ["typescript@5.8.3", "", { "bin": { "tsc": "bin/tsc", "tsserver": "bin/tsserver" } }, "sha512-p1diW6TqL9L07nNxvRMM7hMMw4c5XOo/1ibL4aAIGmSAt9slTE1Xgw5KWuof2uTOvCg9BY7ZRi+GaF+7sfgPeQ=="],

    "undici-types": ["undici-types@6.21.0", "", {}, "sha512-iwDZqg0QAGrg9Rav5H4n0M64c3mkR59cJ6wQp+7C4nI0gsmExaedaYLNO44eT4AtBBwjbTiGPMlt2Md0T9H9JQ=="],

    "wgpu-matrix": ["wgpu-matrix@3.4.0", "", {}, "sha512-kXHrbAPKEn9A32Wf4wVldyx9MmnzwhuB5p8GCqoJP3ItU5+iDT4J3aTQwPZWkfb153hwGtqZtUwR2M+ipJKadg=="],
  }
}
