{
  "lockfileVersion": 1,
  "workspaces": {
    "": {
      "name": "astro-streaming",
      "dependencies": {
        "@dimforge/rapier2d-deterministic-compat": "^0.16.2",
        "@types/bun": "^1.2.12",
        "@webgpu/types": "^0.1.60",
        "wgpu-matrix": "^3.4.0",
      },
      "devDependencies": {
        "typescript": "^5.5.3",
      },
    },
  },
  "packages": {
    "@dimforge/rapier2d-deterministic-compat": ["@dimforge/rapier2d-deterministic-compat@0.16.2", "", {}, "sha512-jQwTWDAn+9yHqOMHNWSe3dewBU6bNQkbHEcb3h/7gcjfgEoFzoiEwkZsm7Q52X9iVfGrwcemQeTe6nvXo6+PvQ=="],

    "@types/bun": ["@types/bun@1.2.13", "", { "dependencies": { "bun-types": "1.2.13" } }, "sha512-u6vXep/i9VBxoJl3GjZsl/BFIsvML8DfVDO0RYLEwtSZSp981kEO1V5NwRcO1CPJ7AmvpbnDCiMKo3JvbDEjAg=="],

    "@types/node": ["@types/node@22.15.17", "", { "dependencies": { "undici-types": "~6.21.0" } }, "sha512-wIX2aSZL5FE+MR0JlvF87BNVrtFWf6AE6rxSE9X7OwnVvoyCQjpzSRJ+M87se/4QCkCiebQAqrJ0y6fwIyi7nw=="],

    "@webgpu/types": ["@webgpu/types@0.1.60", "", {}, "sha512-8B/tdfRFKdrnejqmvq95ogp8tf52oZ51p3f4QD5m5Paey/qlX4Rhhy5Y8tgFMi7Ms70HzcMMw3EQjH/jdhTwlA=="],

    "bun-types": ["bun-types@1.2.13", "", { "dependencies": { "@types/node": "*" } }, "sha512-rRjA1T6n7wto4gxhAO/ErZEtOXyEZEmnIHQfl0Dt1QQSB4QV0iP6BZ9/YB5fZaHFQ2dwHFrmPaRQ9GGMX01k9Q=="],

    "typescript": ["typescript@5.8.3", "", { "bin": { "tsc": "bin/tsc", "tsserver": "bin/tsserver" } }, "sha512-p1diW6TqL9L07nNxvRMM7hMMw4c5XOo/1ibL4aAIGmSAt9slTE1Xgw5KWuof2uTOvCg9BY7ZRi+GaF+7sfgPeQ=="],

    "undici-types": ["undici-types@6.21.0", "", {}, "sha512-iwDZqg0QAGrg9Rav5H4n0M64c3mkR59cJ6wQp+7C4nI0gsmExaedaYLNO44eT4AtBBwjbTiGPMlt2Md0T9H9JQ=="],

    "wgpu-matrix": ["wgpu-matrix@3.4.0", "", {}, "sha512-kXHrbAPKEn9A32Wf4wVldyx9MmnzwhuB5p8GCqoJP3ItU5+iDT4J3aTQwPZWkfb153hwGtqZtUwR2M+ipJKadg=="],
  }
}
